
Microsoft Visual Studio Solution File, Format Version 12.00
# Visual Studio Version 17
VisualStudioVersion = 17.4.33213.308
MinimumVisualStudioVersion = 10.0.40219.1
Project("{FAE04EC0-301F-11D3-BF4B-00C04F79EFBC}") = "NetClassesOperatorsOverloadApp", "NetClassesOperatorsOverloadApp\NetClassesOperatorsOverloadApp.csproj", "{F02F55D5-E8B2-4DFE-9677-1E6166EBB11F}"
EndProject
Global
	GlobalSection(SolutionConfigurationPlatforms) = preSolution
		Debug|Any CPU = Debug|Any CPU
		Release|Any CPU = Release|Any CPU
	EndGlobalSection
	GlobalSection(ProjectConfigurationPlatforms) = postSolution
		{F02F55D5-E8B2-4DFE-9677-1E6166EBB11F}.Debug|Any CPU.ActiveCfg = Debug|Any CPU
		{F02F55D5-E8B2-4DFE-9677-1E6166EBB11F}.Debug|Any CPU.Build.0 = Debug|Any CPU
		{F02F55D5-E8B2-4DFE-9677-1E6166EBB11F}.Release|Any CPU.ActiveCfg = Release|Any CPU
		{F02F55D5-E8B2-4DFE-9677-1E6166EBB11F}.Release|Any CPU.Build.0 = Release|Any CPU
	EndGlobalSection
	GlobalSection(SolutionProperties) = preSolution
		HideSolutionNode = FALSE
	EndGlobalSection
	GlobalSection(ExtensibilityGlobals) = postSolution
		SolutionGuid = {153405A0-C781-47B0-9BB9-9F9E86851665}
	EndGlobalSection
EndGlobal
